
Microsoft Visual Studio Solution File, Format Version 12.00
# Visual Studio Version 16
VisualStudioVersion = 25.0.1700.0
MinimumVisualStudioVersion = 10.0.40219.1
Project("{2150E333-8FDC-42A3-9474-1A3956D46DE8}") = "src", "src", "{EF8631DC-7E2A-4A37-9950-71A2C0780D66}"
EndProject
Project("{2150E333-8FDC-42A3-9474-1A3956D46DE8}") = "test", "test", "{A679FB39-2B4F-428E-BB43-B6D6F367F4DE}"
EndProject
Project("{2150E333-8FDC-42A3-9474-1A3956D46DE8}") = "Api", "Api", "{370E64D4-F78B-4CB7-84EB-8B5331B91689}"
EndProject
Project("{2150E333-8FDC-42A3-9474-1A3956D46DE8}") = "Common", "Common", "{C2BEAC2B-6AF0-472C-BB51-8E346D8574D3}"
EndProject
Project("{2150E333-8FDC-42A3-9474-1A3956D46DE8}") = "Projections", "Projections", "{460F861F-9DE6-4783-A77E-AA8CA3713F30}"
EndProject
Project("{FAE04EC0-301F-11D3-BF4B-00C04F79EFBC}") = "BaseProject.Common", "src\Common\BaseProject.Common\BaseProject.Common.csproj", "{B4919516-1413-4AA9-B274-974841D8BD47}"
EndProject
Project("{2150E333-8FDC-42A3-9474-1A3956D46DE8}") = "Core", "Core", "{F9BA0C19-6976-4DE7-802A-A6EC7587292F}"
EndProject
Project("{2150E333-8FDC-42A3-9474-1A3956D46DE8}") = "WebApi", "WebApi", "{353F9B55-A3FC-4CED-A6E5-AAEE9F17F606}"
EndProject
Project("{2150E333-8FDC-42A3-9474-1A3956D46DE8}") = "Infrastructure", "Infrastructure", "{C78186CE-A32B-466F-9661-100145E29435}"
EndProject
Project("{FAE04EC0-301F-11D3-BF4B-00C04F79EFBC}") = "BaseProjct.Api.Application", "src\Api\Core\BaseProjct.Api.Application\BaseProjct.Api.Application.csproj", "{E6261AF8-D318-4681-94B6-C05EC6EB5128}"
EndProject
Project("{FAE04EC0-301F-11D3-BF4B-00C04F79EFBC}") = "BaseProject.Api.Domain", "src\Api\Core\BaseProject.Api.Domain\BaseProject.Api.Domain.csproj", "{B027811D-77CF-497A-956C-D06D4DD5BADF}"
EndProject
Project("{FAE04EC0-301F-11D3-BF4B-00C04F79EFBC}") = "BaseProject.Infrastructure.Persistance", "src\Api\Infrastructure\BaseProject.Infrastructure.Persistance\BaseProject.Infrastructure.Persistance.csproj", "{C1C9D283-EAD8-47C6-BB76-F89FAC88430A}"
EndProject
Project("{FAE04EC0-301F-11D3-BF4B-00C04F79EFBC}") = "BaseProject.Api.WebApi", "src\Api\WebApi\BaseProject.Api.WebApi\BaseProject.Api.WebApi.csproj", "{7CC05115-4678-4CF9-8E4D-A8E7E0E164C6}"
EndProject
Global
	GlobalSection(SolutionConfigurationPlatforms) = preSolution
		Debug|Any CPU = Debug|Any CPU
		Release|Any CPU = Release|Any CPU
	EndGlobalSection
	GlobalSection(ProjectConfigurationPlatforms) = postSolution
		{B4919516-1413-4AA9-B274-974841D8BD47}.Debug|Any CPU.ActiveCfg = Debug|Any CPU
		{B4919516-1413-4AA9-B274-974841D8BD47}.Debug|Any CPU.Build.0 = Debug|Any CPU
		{B4919516-1413-4AA9-B274-974841D8BD47}.Release|Any CPU.ActiveCfg = Release|Any CPU
		{B4919516-1413-4AA9-B274-974841D8BD47}.Release|Any CPU.Build.0 = Release|Any CPU
		{E6261AF8-D318-4681-94B6-C05EC6EB5128}.Debug|Any CPU.ActiveCfg = Debug|Any CPU
		{E6261AF8-D318-4681-94B6-C05EC6EB5128}.Debug|Any CPU.Build.0 = Debug|Any CPU
		{E6261AF8-D318-4681-94B6-C05EC6EB5128}.Release|Any CPU.ActiveCfg = Release|Any CPU
		{E6261AF8-D318-4681-94B6-C05EC6EB5128}.Release|Any CPU.Build.0 = Release|Any CPU
		{B027811D-77CF-497A-956C-D06D4DD5BADF}.Debug|Any CPU.ActiveCfg = Debug|Any CPU
		{B027811D-77CF-497A-956C-D06D4DD5BADF}.Debug|Any CPU.Build.0 = Debug|Any CPU
		{B027811D-77CF-497A-956C-D06D4DD5BADF}.Release|Any CPU.ActiveCfg = Release|Any CPU
		{B027811D-77CF-497A-956C-D06D4DD5BADF}.Release|Any CPU.Build.0 = Release|Any CPU
		{C1C9D283-EAD8-47C6-BB76-F89FAC88430A}.Debug|Any CPU.ActiveCfg = Debug|Any CPU
		{C1C9D283-EAD8-47C6-BB76-F89FAC88430A}.Debug|Any CPU.Build.0 = Debug|Any CPU
		{C1C9D283-EAD8-47C6-BB76-F89FAC88430A}.Release|Any CPU.ActiveCfg = Release|Any CPU
		{C1C9D283-EAD8-47C6-BB76-F89FAC88430A}.Release|Any CPU.Build.0 = Release|Any CPU
		{7CC05115-4678-4CF9-8E4D-A8E7E0E164C6}.Debug|Any CPU.ActiveCfg = Debug|Any CPU
		{7CC05115-4678-4CF9-8E4D-A8E7E0E164C6}.Debug|Any CPU.Build.0 = Debug|Any CPU
		{7CC05115-4678-4CF9-8E4D-A8E7E0E164C6}.Release|Any CPU.ActiveCfg = Release|Any CPU
		{7CC05115-4678-4CF9-8E4D-A8E7E0E164C6}.Release|Any CPU.Build.0 = Release|Any CPU
	EndGlobalSection
	GlobalSection(SolutionProperties) = preSolution
		HideSolutionNode = FALSE
	EndGlobalSection
	GlobalSection(ExtensibilityGlobals) = postSolution
		SolutionGuid = {2F4BBFA0-FA9D-4841-8F5C-F25FA92F6C3C}
	EndGlobalSection
	GlobalSection(NestedProjects) = preSolution
		{370E64D4-F78B-4CB7-84EB-8B5331B91689} = {EF8631DC-7E2A-4A37-9950-71A2C0780D66}
		{C2BEAC2B-6AF0-472C-BB51-8E346D8574D3} = {EF8631DC-7E2A-4A37-9950-71A2C0780D66}
		{460F861F-9DE6-4783-A77E-AA8CA3713F30} = {EF8631DC-7E2A-4A37-9950-71A2C0780D66}
		{B4919516-1413-4AA9-B274-974841D8BD47} = {C2BEAC2B-6AF0-472C-BB51-8E346D8574D3}
		{F9BA0C19-6976-4DE7-802A-A6EC7587292F} = {370E64D4-F78B-4CB7-84EB-8B5331B91689}
		{353F9B55-A3FC-4CED-A6E5-AAEE9F17F606} = {370E64D4-F78B-4CB7-84EB-8B5331B91689}
		{C78186CE-A32B-466F-9661-100145E29435} = {370E64D4-F78B-4CB7-84EB-8B5331B91689}
		{E6261AF8-D318-4681-94B6-C05EC6EB5128} = {F9BA0C19-6976-4DE7-802A-A6EC7587292F}
		{B027811D-77CF-497A-956C-D06D4DD5BADF} = {F9BA0C19-6976-4DE7-802A-A6EC7587292F}
		{C1C9D283-EAD8-47C6-BB76-F89FAC88430A} = {C78186CE-A32B-466F-9661-100145E29435}
		{7CC05115-4678-4CF9-8E4D-A8E7E0E164C6} = {353F9B55-A3FC-4CED-A6E5-AAEE9F17F606}
	EndGlobalSection
EndGlobal
